
Microsoft Visual Studio Solution File, Format Version 12.00
# Visual Studio Version 17
VisualStudioVersion = 17.4.33205.214
MinimumVisualStudioVersion = 10.0.40219.1
Project("{FAE04EC0-301F-11D3-BF4B-00C04F79EFBC}") = "Mobideo.Integration.ProjectVSTOAddIn", "ProjectAddIn3\Mobideo.Integration.ProjectVSTOAddIn.csproj", "{50096C81-2822-4A4A-93DC-6B13E880A747}"
EndProject
Global
	GlobalSection(SolutionConfigurationPlatforms) = preSolution
		Debug|Any CPU = Debug|Any CPU
		Release|Any CPU = Release|Any CPU
	EndGlobalSection
	GlobalSection(ProjectConfigurationPlatforms) = postSolution
		{50096C81-2822-4A4A-93DC-6B13E880A747}.Debug|Any CPU.ActiveCfg = Debug|Any CPU
		{50096C81-2822-4A4A-93DC-6B13E880A747}.Debug|Any CPU.Build.0 = Debug|Any CPU
		{50096C81-2822-4A4A-93DC-6B13E880A747}.Release|Any CPU.ActiveCfg = Release|Any CPU
		{50096C81-2822-4A4A-93DC-6B13E880A747}.Release|Any CPU.Build.0 = Release|Any CPU
	EndGlobalSection
	GlobalSection(SolutionProperties) = preSolution
		HideSolutionNode = FALSE
	EndGlobalSection
	GlobalSection(ExtensibilityGlobals) = postSolution
		SolutionGuid = {FF289178-A096-4444-9145-A950EC34402C}
	EndGlobalSection
EndGlobal
